
Microsoft Visual Studio Solution File, Format Version 12.00
# Visual Studio Version 16
VisualStudioVersion = 16.0.29123.89
MinimumVisualStudioVersion = 10.0.40219.1
Project("{FAE04EC0-301F-11D3-BF4B-00C04F79EFBC}") = "BOH2.Server", "BOH2.Server\BOH2.Server.csproj", "{BA44C6F9-64A1-4B46-B8A8-4DEC08231AE6}"
EndProject
Project("{FAE04EC0-301F-11D3-BF4B-00C04F79EFBC}") = "BOH2.Client", "BOH2.Client\BOH2.Client.csproj", "{9F7535A2-111E-433C-B172-A480F96B57CE}"
EndProject
Project("{FAE04EC0-301F-11D3-BF4B-00C04F79EFBC}") = "BOH2.Shared", "BOH2.Shared\BOH2.Shared.csproj", "{2FB03B10-721E-424B-A82C-941BCD6A8F02}"
EndProject
Global
	GlobalSection(SolutionConfigurationPlatforms) = preSolution
		Debug|Any CPU = Debug|Any CPU
		Release|Any CPU = Release|Any CPU
	EndGlobalSection
	GlobalSection(ProjectConfigurationPlatforms) = postSolution
		{BA44C6F9-64A1-4B46-B8A8-4DEC08231AE6}.Debug|Any CPU.ActiveCfg = Debug|Any CPU
		{BA44C6F9-64A1-4B46-B8A8-4DEC08231AE6}.Debug|Any CPU.Build.0 = Debug|Any CPU
		{BA44C6F9-64A1-4B46-B8A8-4DEC08231AE6}.Release|Any CPU.ActiveCfg = Release|Any CPU
		{BA44C6F9-64A1-4B46-B8A8-4DEC08231AE6}.Release|Any CPU.Build.0 = Release|Any CPU
		{9F7535A2-111E-433C-B172-A480F96B57CE}.Debug|Any CPU.ActiveCfg = Debug|Any CPU
		{9F7535A2-111E-433C-B172-A480F96B57CE}.Debug|Any CPU.Build.0 = Debug|Any CPU
		{9F7535A2-111E-433C-B172-A480F96B57CE}.Release|Any CPU.ActiveCfg = Release|Any CPU
		{9F7535A2-111E-433C-B172-A480F96B57CE}.Release|Any CPU.Build.0 = Release|Any CPU
		{2FB03B10-721E-424B-A82C-941BCD6A8F02}.Debug|Any CPU.ActiveCfg = Debug|Any CPU
		{2FB03B10-721E-424B-A82C-941BCD6A8F02}.Debug|Any CPU.Build.0 = Debug|Any CPU
		{2FB03B10-721E-424B-A82C-941BCD6A8F02}.Release|Any CPU.ActiveCfg = Release|Any CPU
		{2FB03B10-721E-424B-A82C-941BCD6A8F02}.Release|Any CPU.Build.0 = Release|Any CPU
	EndGlobalSection
	GlobalSection(SolutionProperties) = preSolution
		HideSolutionNode = FALSE
	EndGlobalSection
	GlobalSection(ExtensibilityGlobals) = postSolution
		SolutionGuid = {DA006D2E-CF7A-4E4A-810A-BC60B5722517}
	EndGlobalSection
EndGlobal
